{
  "name": "codekit-project",
  "version": "1.0.0",
  "lockfileVersion": 1,
  "requires": true,
  "dependencies": {
    "@fancyapps/ui": {
      "version": "4.0.14",
      "resolved": "https://registry.npmjs.org/@fancyapps/ui/-/ui-4.0.14.tgz",
      "integrity": "sha512-435+5fPBfPj7hIkiXiPVUfdwrvRQte//peZyqvLFm+WRaaC8+dnsA53fjihtT373BswuueEe5Imc+zx+hdMvkQ=="
    }
  }
}
